
Microsoft Visual Studio Solution File, Format Version 12.00
# Visual Studio Version 17
VisualStudioVersion = 17.13.35806.99 d17.13
MinimumVisualStudioVersion = 10.0.40219.1
Project("{FAE04EC0-301F-11D3-BF4B-00C04F79EFBC}") = "PlantasExamen", "PlantasExamen\PlantasExamen.csproj", "{F5A9E2A8-C682-4242-8536-698669DFF162}"
EndProject
Global
	GlobalSection(SolutionConfigurationPlatforms) = preSolution
		Debug|Any CPU = Debug|Any CPU
		Release|Any CPU = Release|Any CPU
	EndGlobalSection
	GlobalSection(ProjectConfigurationPlatforms) = postSolution
		{F5A9E2A8-C682-4242-8536-698669DFF162}.Debug|Any CPU.ActiveCfg = Debug|Any CPU
		{F5A9E2A8-C682-4242-8536-698669DFF162}.Debug|Any CPU.Build.0 = Debug|Any CPU
		{F5A9E2A8-C682-4242-8536-698669DFF162}.Release|Any CPU.ActiveCfg = Release|Any CPU
		{F5A9E2A8-C682-4242-8536-698669DFF162}.Release|Any CPU.Build.0 = Release|Any CPU
	EndGlobalSection
	GlobalSection(SolutionProperties) = preSolution
		HideSolutionNode = FALSE
	EndGlobalSection
	GlobalSection(ExtensibilityGlobals) = postSolution
		SolutionGuid = {5FB8461C-A0B9-42F0-AA8F-31E780B7EE7D}
	EndGlobalSection
EndGlobal
